// !$*UTF8*$!
{
	archiveVersion = 1;
	classes = {
	};
	objectVersion = 50;
	objects = {

/* Begin PBXBuildFile section */
		5FD2501E64124E3E6BD67596 /* WallpaperViewer.swift in Sources */ = {isa = PBXBuildFile; fileRef = 5FD25AE0C1D4B82A285DBBC9 /* WallpaperViewer.swift */; };
		5FD250CB80A06678FFDA0175 /* CommonUI.swift in Sources */ = {isa = PBXBuildFile; fileRef = 5FD2592A14BCB5517CD11284 /* CommonUI.swift */; };
		5FD250D45B710FE8783E9337 /* .gitignore in Resources */ = {isa = PBXBuildFile; fileRef = 5FD25D6FA71F4554AE688987 /* .gitignore */; };
		5FD250EE1246FF2936854439 /* PixabayPhotoList.swift in Sources */ = {isa = PBXBuildFile; fileRef = 5FD2595EE7CB28E4405D1D4B /* PixabayPhotoList.swift */; };
		5FD2512FC9C236C830FBE587 /* MainContentView.swift in Sources */ = {isa = PBXBuildFile; fileRef = 5FD2575401F2672599648E7F /* MainContentView.swift */; };
		5FD25322C10640EA85FB46E0 /* NetworkClient.swift in Sources */ = {isa = PBXBuildFile; fileRef = 5FD25A2CB529973EED2B7969 /* NetworkClient.swift */; };
		5FD253FAF61A1DDF828B9446 /* HTTPMethod.swift in Sources */ = {isa = PBXBuildFile; fileRef = 5FD256E648FF44B25CE79171 /* HTTPMethod.swift */; };
		5FD253FE9A9A09810CB542E7 /* PexelsApi.swift in Sources */ = {isa = PBXBuildFile; fileRef = 5FD25F26C42802FB47AFD001 /* PexelsApi.swift */; };
		5FD2541D21275CEC4A134999 /* NetworkResponse.swift in Sources */ = {isa = PBXBuildFile; fileRef = 5FD255551CBB256D926A47B6 /* NetworkResponse.swift */; };
		5FD254EF3C0FEEBFC6238423 /* PexelsPhotoList.swift in Sources */ = {isa = PBXBuildFile; fileRef = 5FD25D4B698FB092CC496B9C /* PexelsPhotoList.swift */; };
		5FD255ABD21F93965816E859 /* PixabayApi.swift in Sources */ = {isa = PBXBuildFile; fileRef = 5FD25F9195A83CFD954E02C9 /* PixabayApi.swift */; };
		5FD256671766207A8BD03507 /* Publisher+Operators.swift in Sources */ = {isa = PBXBuildFile; fileRef = 5FD259D68AD53CADE933B5A8 /* Publisher+Operators.swift */; };
		5FD2588415E832EEF420FA49 /* WallpaperResults.swift in Sources */ = {isa = PBXBuildFile; fileRef = 5FD256CC45C70A61A721C5C5 /* WallpaperResults.swift */; };
		5FD258C86EB512FE535E35B1 /* MainViewModel.swift in Sources */ = {isa = PBXBuildFile; fileRef = 5FD25B0A426FF98872DF58B3 /* MainViewModel.swift */; };
		5FD2591898EE972F714128F2 /* Nothing.swift in Sources */ = {isa = PBXBuildFile; fileRef = 5FD257DBC961E5B45FD3B3E7 /* Nothing.swift */; };
		5FD2591D637EF8DAF125B027 /* Alias.swift in Sources */ = {isa = PBXBuildFile; fileRef = 5FD25F2F312729CEE4717C28 /* Alias.swift */; };
		5FD259356EE89C4C96DFF01D /* PhotoProvider.swift in Sources */ = {isa = PBXBuildFile; fileRef = 5FD2583C713CE4A3170FE275 /* PhotoProvider.swift */; };
		5FD259F048854D970D41B053 /* PixabayDataSource.swift in Sources */ = {isa = PBXBuildFile; fileRef = 5FD25C360F7BD9D2DFE12702 /* PixabayDataSource.swift */; };
		5FD25A3831EE46A83DB6FDE5 /* AsyncImage.swift in Sources */ = {isa = PBXBuildFile; fileRef = 5FD25CB9335A0E6AA2016767 /* AsyncImage.swift */; };
		5FD25A60D77C547AFFE073DC /* Placeholders.swift in Sources */ = {isa = PBXBuildFile; fileRef = 5FD256C367484D2579B98FBF /* Placeholders.swift */; };
		5FD25A7F2F3F8741153BF7F8 /* CircularProgress.swift in Sources */ = {isa = PBXBuildFile; fileRef = 5FD250AEA48D040AD1B97219 /* CircularProgress.swift */; };
		5FD25B6101139B7A2103FF10 /* WallpaperAction.swift in Sources */ = {isa = PBXBuildFile; fileRef = 5FD25BD9A1429EA03D30E6A6 /* WallpaperAction.swift */; };
		5FD25B873CA2A134DEABB2CB /* Resource.swift in Sources */ = {isa = PBXBuildFile; fileRef = 5FD25AD52638A9F140EED157 /* Resource.swift */; };
		5FD25BEB4ADE4A49EFAA9398 /* NetworkError.swift in Sources */ = {isa = PBXBuildFile; fileRef = 5FD25B5FDD883F2FFD7C6E6D /* NetworkError.swift */; };
		5FD25C05679C1A17B35DBE0D /* Extensions.swift in Sources */ = {isa = PBXBuildFile; fileRef = 5FD25A7FD6812EB9E7147E83 /* Extensions.swift */; };
		5FD25D886095BFA7FC0D9E30 /* EventMonitor.swift in Sources */ = {isa = PBXBuildFile; fileRef = 5FD25A314017F2BF44DC649E /* EventMonitor.swift */; };
		5FD25DBC39625DE6ADE207C6 /* ClipShape.swift in Sources */ = {isa = PBXBuildFile; fileRef = 5FD25A83CE192AE599EAF1C4 /* ClipShape.swift */; };
		5FD25DD2AC2B13089A3A24C3 /* PhotoDataSource.swift in Sources */ = {isa = PBXBuildFile; fileRef = 5FD25D3597C3D03AA7005FE8 /* PhotoDataSource.swift */; };
		5FD25DDE9EAE5795961123E9 /* Endpoint.swift in Sources */ = {isa = PBXBuildFile; fileRef = 5FD25BA11C712AD26959C7BE /* Endpoint.swift */; };
		5FD25E0D62B816846394A9CA /* PixabayPhoto.swift in Sources */ = {isa = PBXBuildFile; fileRef = 5FD2528A379C825765F07DE0 /* PixabayPhoto.swift */; };
		5FD25E2CD9DDC07541556A9E /* Convertible.swift in Sources */ = {isa = PBXBuildFile; fileRef = 5FD25A20A3E961677A5003D0 /* Convertible.swift */; };
		5FD25F0808D2015122AAEA41 /* PexelsPhoto.swift in Sources */ = {isa = PBXBuildFile; fileRef = 5FD25EDFA09A7ED945FDBD5D /* PexelsPhoto.swift */; };
		5FD25F910D8D47468E031BFE /* PexelsDataSource.swift in Sources */ = {isa = PBXBuildFile; fileRef = 5FD25C7A6F610B672FB9F3EA /* PexelsDataSource.swift */; };
		5FD25FAEED8EB7D94C53FB63 /* LinearProgress.swift in Sources */ = {isa = PBXBuildFile; fileRef = 5FD256A8F3BC3E35E87FE0DF /* LinearProgress.swift */; };
		5FD25FCDB1D800A01E44754E /* NetworkManager.swift in Sources */ = {isa = PBXBuildFile; fileRef = 5FD250F0DBB954738EBC8EB5 /* NetworkManager.swift */; };
		FE1ED72025EE5F5E00740923 /* VisualEffectView.swift in Sources */ = {isa = PBXBuildFile; fileRef = FE1ED71F25EE5F5E00740923 /* VisualEffectView.swift */; };
		FE30E03E25AF51360000D409 /* AppDelegate.swift in Sources */ = {isa = PBXBuildFile; fileRef = FE30E03D25AF51360000D409 /* AppDelegate.swift */; };
		FE30E04225AF51370000D409 /* Assets.xcassets in Resources */ = {isa = PBXBuildFile; fileRef = FE30E04125AF51370000D409 /* Assets.xcassets */; };
		FE30E04525AF51370000D409 /* Preview Assets.xcassets in Resources */ = {isa = PBXBuildFile; fileRef = FE30E04425AF51370000D409 /* Preview Assets.xcassets */; };
		FE30E04825AF51370000D409 /* Main.storyboard in Resources */ = {isa = PBXBuildFile; fileRef = FE30E04625AF51370000D409 /* Main.storyboard */; };
		FE30E07525AF5E6E0000D409 /* Constants.swift in Sources */ = {isa = PBXBuildFile; fileRef = FE30E07425AF5E6E0000D409 /* Constants.swift */; };
		FE30E08225AF61FB0000D409 /* PhotoModel.swift in Sources */ = {isa = PBXBuildFile; fileRef = FE30E08125AF61FB0000D409 /* PhotoModel.swift */; };
		FE30E08525AF62560000D409 /* Photographer.swift in Sources */ = {isa = PBXBuildFile; fileRef = FE30E08425AF62560000D409 /* Photographer.swift */; };
		FE4BD0AC25FD512900237C05 /* CategoryChip.swift in Sources */ = {isa = PBXBuildFile; fileRef = FE4BD0AB25FD512900237C05 /* CategoryChip.swift */; };
		FE7F04B325F155AB002FC726 /* RoundedContainer.swift in Sources */ = {isa = PBXBuildFile; fileRef = FE7F04B225F155AB002FC726 /* RoundedContainer.swift */; };
		FE87185925FB892A00E79338 /* CategoryConfiguration.swift in Sources */ = {isa = PBXBuildFile; fileRef = FE87185825FB892A00E79338 /* CategoryConfiguration.swift */; };
		FE87185D25FB8C2500E79338 /* Transitions.swift in Sources */ = {isa = PBXBuildFile; fileRef = FE87185C25FB8C2500E79338 /* Transitions.swift */; };
		FE87186325FB8FA200E79338 /* Animations.swift in Sources */ = {isa = PBXBuildFile; fileRef = FE87186225FB8FA200E79338 /* Animations.swift */; };
		FE97D42A2600AC4400E20591 /* ConfigurationBox.swift in Sources */ = {isa = PBXBuildFile; fileRef = FE97D4292600AC4400E20591 /* ConfigurationBox.swift */; };
		FECF9E3E25FA0DEC00B079CC /* WallpaperData.swift in Sources */ = {isa = PBXBuildFile; fileRef = FECF9E3D25FA0DEC00B079CC /* WallpaperData.swift */; };
		FECF9E4125FA343C00B079CC /* CategoryPanel.swift in Sources */ = {isa = PBXBuildFile; fileRef = FECF9E4025FA343C00B079CC /* CategoryPanel.swift */; };
		FECF9E4725FAE5FC00B079CC /* SourcePanel.swift in Sources */ = {isa = PBXBuildFile; fileRef = FECF9E4625FAE5FC00B079CC /* SourcePanel.swift */; };
		FEDB6AD125B8AC3C0082147F /* Colors.swift in Sources */ = {isa = PBXBuildFile; fileRef = FEDB6AD025B8AC3C0082147F /* Colors.swift */; };
/* End PBXBuildFile section */

/* Begin PBXFileReference section */
		5FD250AEA48D040AD1B97219 /* CircularProgress.swift */ = {isa = PBXFileReference; fileEncoding = 4; lastKnownFileType = sourcecode.swift; path = CircularProgress.swift; sourceTree = "<group>"; };
		5FD250F0DBB954738EBC8EB5 /* NetworkManager.swift */ = {isa = PBXFileReference; fileEncoding = 4; lastKnownFileType = sourcecode.swift; path = NetworkManager.swift; sourceTree = "<group>"; };
		5FD2528A379C825765F07DE0 /* PixabayPhoto.swift */ = {isa = PBXFileReference; fileEncoding = 4; lastKnownFileType = sourcecode.swift; path = PixabayPhoto.swift; sourceTree = "<group>"; };
		5FD255551CBB256D926A47B6 /* NetworkResponse.swift */ = {isa = PBXFileReference; fileEncoding = 4; lastKnownFileType = sourcecode.swift; path = NetworkResponse.swift; sourceTree = "<group>"; };
		5FD256A8F3BC3E35E87FE0DF /* LinearProgress.swift */ = {isa = PBXFileReference; fileEncoding = 4; lastKnownFileType = sourcecode.swift; path = LinearProgress.swift; sourceTree = "<group>"; };
		5FD256C367484D2579B98FBF /* Placeholders.swift */ = {isa = PBXFileReference; fileEncoding = 4; lastKnownFileType = sourcecode.swift; path = Placeholders.swift; sourceTree = "<group>"; };
		5FD256CC45C70A61A721C5C5 /* WallpaperResults.swift */ = {isa = PBXFileReference; fileEncoding = 4; lastKnownFileType = sourcecode.swift; path = WallpaperResults.swift; sourceTree = "<group>"; };
		5FD256E648FF44B25CE79171 /* HTTPMethod.swift */ = {isa = PBXFileReference; fileEncoding = 4; lastKnownFileType = sourcecode.swift; path = HTTPMethod.swift; sourceTree = "<group>"; };
		5FD2575401F2672599648E7F /* MainContentView.swift */ = {isa = PBXFileReference; fileEncoding = 4; lastKnownFileType = sourcecode.swift; path = MainContentView.swift; sourceTree = "<group>"; };
		5FD257DBC961E5B45FD3B3E7 /* Nothing.swift */ = {isa = PBXFileReference; fileEncoding = 4; lastKnownFileType = sourcecode.swift; path = Nothing.swift; sourceTree = "<group>"; };
		5FD2583C713CE4A3170FE275 /* PhotoProvider.swift */ = {isa = PBXFileReference; fileEncoding = 4; lastKnownFileType = sourcecode.swift; path = PhotoProvider.swift; sourceTree = "<group>"; };
		5FD2592A14BCB5517CD11284 /* CommonUI.swift */ = {isa = PBXFileReference; fileEncoding = 4; lastKnownFileType = sourcecode.swift; path = CommonUI.swift; sourceTree = "<group>"; };
		5FD2595EE7CB28E4405D1D4B /* PixabayPhotoList.swift */ = {isa = PBXFileReference; fileEncoding = 4; lastKnownFileType = sourcecode.swift; path = PixabayPhotoList.swift; sourceTree = "<group>"; };
		5FD259D68AD53CADE933B5A8 /* Publisher+Operators.swift */ = {isa = PBXFileReference; fileEncoding = 4; lastKnownFileType = sourcecode.swift; path = "Publisher+Operators.swift"; sourceTree = "<group>"; };
		5FD25A20A3E961677A5003D0 /* Convertible.swift */ = {isa = PBXFileReference; fileEncoding = 4; lastKnownFileType = sourcecode.swift; path = Convertible.swift; sourceTree = "<group>"; };
		5FD25A2CB529973EED2B7969 /* NetworkClient.swift */ = {isa = PBXFileReference; fileEncoding = 4; lastKnownFileType = sourcecode.swift; path = NetworkClient.swift; sourceTree = "<group>"; };
		5FD25A314017F2BF44DC649E /* EventMonitor.swift */ = {isa = PBXFileReference; fileEncoding = 4; lastKnownFileType = sourcecode.swift; path = EventMonitor.swift; sourceTree = "<group>"; };
		5FD25A7FD6812EB9E7147E83 /* Extensions.swift */ = {isa = PBXFileReference; fileEncoding = 4; lastKnownFileType = sourcecode.swift; path = Extensions.swift; sourceTree = "<group>"; };
		5FD25A83CE192AE599EAF1C4 /* ClipShape.swift */ = {isa = PBXFileReference; fileEncoding = 4; lastKnownFileType = sourcecode.swift; path = ClipShape.swift; sourceTree = "<group>"; };
		5FD25AD52638A9F140EED157 /* Resource.swift */ = {isa = PBXFileReference; fileEncoding = 4; lastKnownFileType = sourcecode.swift; path = Resource.swift; sourceTree = "<group>"; };
		5FD25AE0C1D4B82A285DBBC9 /* WallpaperViewer.swift */ = {isa = PBXFileReference; fileEncoding = 4; lastKnownFileType = sourcecode.swift; path = WallpaperViewer.swift; sourceTree = "<group>"; };
		5FD25B0A426FF98872DF58B3 /* MainViewModel.swift */ = {isa = PBXFileReference; fileEncoding = 4; lastKnownFileType = sourcecode.swift; path = MainViewModel.swift; sourceTree = "<group>"; };
		5FD25B5FDD883F2FFD7C6E6D /* NetworkError.swift */ = {isa = PBXFileReference; fileEncoding = 4; lastKnownFileType = sourcecode.swift; path = NetworkError.swift; sourceTree = "<group>"; };
		5FD25BA11C712AD26959C7BE /* Endpoint.swift */ = {isa = PBXFileReference; fileEncoding = 4; lastKnownFileType = sourcecode.swift; path = Endpoint.swift; sourceTree = "<group>"; };
		5FD25BD9A1429EA03D30E6A6 /* WallpaperAction.swift */ = {isa = PBXFileReference; fileEncoding = 4; lastKnownFileType = sourcecode.swift; path = WallpaperAction.swift; sourceTree = "<group>"; };
		5FD25C360F7BD9D2DFE12702 /* PixabayDataSource.swift */ = {isa = PBXFileReference; fileEncoding = 4; lastKnownFileType = sourcecode.swift; path = PixabayDataSource.swift; sourceTree = "<group>"; };
		5FD25C7A6F610B672FB9F3EA /* PexelsDataSource.swift */ = {isa = PBXFileReference; fileEncoding = 4; lastKnownFileType = sourcecode.swift; path = PexelsDataSource.swift; sourceTree = "<group>"; };
		5FD25CB9335A0E6AA2016767 /* AsyncImage.swift */ = {isa = PBXFileReference; fileEncoding = 4; lastKnownFileType = sourcecode.swift; path = AsyncImage.swift; sourceTree = "<group>"; };
		5FD25D3597C3D03AA7005FE8 /* PhotoDataSource.swift */ = {isa = PBXFileReference; fileEncoding = 4; lastKnownFileType = sourcecode.swift; path = PhotoDataSource.swift; sourceTree = "<group>"; };
		5FD25D4B698FB092CC496B9C /* PexelsPhotoList.swift */ = {isa = PBXFileReference; fileEncoding = 4; lastKnownFileType = sourcecode.swift; path = PexelsPhotoList.swift; sourceTree = "<group>"; };
		5FD25D6FA71F4554AE688987 /* .gitignore */ = {isa = PBXFileReference; lastKnownFileType = file.gitignore; path = .gitignore; sourceTree = "<group>"; };
		5FD25EDFA09A7ED945FDBD5D /* PexelsPhoto.swift */ = {isa = PBXFileReference; fileEncoding = 4; lastKnownFileType = sourcecode.swift; path = PexelsPhoto.swift; sourceTree = "<group>"; };
		5FD25F26C42802FB47AFD001 /* PexelsApi.swift */ = {isa = PBXFileReference; fileEncoding = 4; lastKnownFileType = sourcecode.swift; path = PexelsApi.swift; sourceTree = "<group>"; };
		5FD25F2F312729CEE4717C28 /* Alias.swift */ = {isa = PBXFileReference; fileEncoding = 4; lastKnownFileType = sourcecode.swift; path = Alias.swift; sourceTree = "<group>"; };
		5FD25F9195A83CFD954E02C9 /* PixabayApi.swift */ = {isa = PBXFileReference; fileEncoding = 4; lastKnownFileType = sourcecode.swift; path = PixabayApi.swift; sourceTree = "<group>"; };
		FE1ED71F25EE5F5E00740923 /* VisualEffectView.swift */ = {isa = PBXFileReference; lastKnownFileType = sourcecode.swift; path = VisualEffectView.swift; sourceTree = "<group>"; };
		FE30E03A25AF51360000D409 /* wowpapers.app */ = {isa = PBXFileReference; explicitFileType = wrapper.application; includeInIndex = 0; path = wowpapers.app; sourceTree = BUILT_PRODUCTS_DIR; };
		FE30E03D25AF51360000D409 /* AppDelegate.swift */ = {isa = PBXFileReference; lastKnownFileType = sourcecode.swift; path = AppDelegate.swift; sourceTree = "<group>"; };
		FE30E04125AF51370000D409 /* Assets.xcassets */ = {isa = PBXFileReference; lastKnownFileType = folder.assetcatalog; path = Assets.xcassets; sourceTree = "<group>"; };
		FE30E04425AF51370000D409 /* Preview Assets.xcassets */ = {isa = PBXFileReference; lastKnownFileType = folder.assetcatalog; path = "Preview Assets.xcassets"; sourceTree = "<group>"; };
		FE30E04725AF51370000D409 /* Base */ = {isa = PBXFileReference; lastKnownFileType = file.storyboard; name = Base; path = Base.lproj/Main.storyboard; sourceTree = "<group>"; };
		FE30E04925AF51370000D409 /* Info.plist */ = {isa = PBXFileReference; lastKnownFileType = text.plist.xml; path = Info.plist; sourceTree = "<group>"; };
		FE30E04A25AF51370000D409 /* wowpapers.entitlements */ = {isa = PBXFileReference; lastKnownFileType = text.plist.entitlements; path = wowpapers.entitlements; sourceTree = "<group>"; };
		FE30E07425AF5E6E0000D409 /* Constants.swift */ = {isa = PBXFileReference; lastKnownFileType = sourcecode.swift; path = Constants.swift; sourceTree = "<group>"; };
		FE30E08125AF61FB0000D409 /* PhotoModel.swift */ = {isa = PBXFileReference; lastKnownFileType = sourcecode.swift; path = PhotoModel.swift; sourceTree = "<group>"; };
		FE30E08425AF62560000D409 /* Photographer.swift */ = {isa = PBXFileReference; lastKnownFileType = sourcecode.swift; path = Photographer.swift; sourceTree = "<group>"; };
		FE4BD0AB25FD512900237C05 /* CategoryChip.swift */ = {isa = PBXFileReference; lastKnownFileType = sourcecode.swift; path = CategoryChip.swift; sourceTree = "<group>"; };
		FE7F04B225F155AB002FC726 /* RoundedContainer.swift */ = {isa = PBXFileReference; lastKnownFileType = sourcecode.swift; path = RoundedContainer.swift; sourceTree = "<group>"; };
		FE87185825FB892A00E79338 /* CategoryConfiguration.swift */ = {isa = PBXFileReference; lastKnownFileType = sourcecode.swift; path = CategoryConfiguration.swift; sourceTree = "<group>"; };
		FE87185C25FB8C2500E79338 /* Transitions.swift */ = {isa = PBXFileReference; lastKnownFileType = sourcecode.swift; path = Transitions.swift; sourceTree = "<group>"; };
		FE87186225FB8FA200E79338 /* Animations.swift */ = {isa = PBXFileReference; lastKnownFileType = sourcecode.swift; path = Animations.swift; sourceTree = "<group>"; };
		FE97D4292600AC4400E20591 /* ConfigurationBox.swift */ = {isa = PBXFileReference; lastKnownFileType = sourcecode.swift; path = ConfigurationBox.swift; sourceTree = "<group>"; };
		FECF9E3D25FA0DEC00B079CC /* WallpaperData.swift */ = {isa = PBXFileReference; lastKnownFileType = sourcecode.swift; path = WallpaperData.swift; sourceTree = "<group>"; };
		FECF9E4025FA343C00B079CC /* CategoryPanel.swift */ = {isa = PBXFileReference; lastKnownFileType = sourcecode.swift; path = CategoryPanel.swift; sourceTree = "<group>"; };
		FECF9E4625FAE5FC00B079CC /* SourcePanel.swift */ = {isa = PBXFileReference; lastKnownFileType = sourcecode.swift; path = SourcePanel.swift; sourceTree = "<group>"; };
		FEDB6AD025B8AC3C0082147F /* Colors.swift */ = {isa = PBXFileReference; lastKnownFileType = sourcecode.swift; path = Colors.swift; sourceTree = "<group>"; };
/* End PBXFileReference section */

/* Begin PBXFrameworksBuildPhase section */
		FE30E03725AF51360000D409 /* Frameworks */ = {
			isa = PBXFrameworksBuildPhase;
			buildActionMask = 2147483647;
			files = (
			);
			runOnlyForDeploymentPostprocessing = 0;
		};
/* End PBXFrameworksBuildPhase section */

/* Begin PBXGroup section */
		5FD2534005D875DC91FDF0AF /* Main */ = {
			isa = PBXGroup;
			children = (
				5FD2575401F2672599648E7F /* MainContentView.swift */,
				5FD25B0A426FF98872DF58B3 /* MainViewModel.swift */,
				5FD25A83CE192AE599EAF1C4 /* ClipShape.swift */,
				5FD2586FC2EDD6C1A87D55E0 /* Views */,
			);
			path = Main;
			sourceTree = "<group>";
		};
		5FD253889AC9E349FCC79943 /* Progress */ = {
			isa = PBXGroup;
			children = (
				5FD250AEA48D040AD1B97219 /* CircularProgress.swift */,
				5FD256A8F3BC3E35E87FE0DF /* LinearProgress.swift */,
			);
			path = Progress;
			sourceTree = "<group>";
		};
		5FD253CB51D07F37D7C5F8A0 /* Common */ = {
			isa = PBXGroup;
			children = (
				5FD255551CBB256D926A47B6 /* NetworkResponse.swift */,
				5FD25B5FDD883F2FFD7C6E6D /* NetworkError.swift */,
				5FD257DBC961E5B45FD3B3E7 /* Nothing.swift */,
			);
			path = Common;
			sourceTree = "<group>";
		};
		5FD255F03F46139C58501DCD /* Common */ = {
			isa = PBXGroup;
			children = (
				FE4BD0AF25FD53B800237C05 /* Motion */,
				5FD253889AC9E349FCC79943 /* Progress */,
				5FD25CB9335A0E6AA2016767 /* AsyncImage.swift */,
				FEDB6AD025B8AC3C0082147F /* Colors.swift */,
				5FD2592A14BCB5517CD11284 /* CommonUI.swift */,
				5FD256C367484D2579B98FBF /* Placeholders.swift */,
				FE1ED71F25EE5F5E00740923 /* VisualEffectView.swift */,
			);
			path = Common;
			sourceTree = "<group>";
		};
		5FD257470A5A799C26D062EC /* Data */ = {
			isa = PBXGroup;
			children = (
				5FD25B3EE78CD42DF991F815 /* Network */,
				5FD25D3597C3D03AA7005FE8 /* PhotoDataSource.swift */,
				5FD25C7A6F610B672FB9F3EA /* PexelsDataSource.swift */,
				5FD25C360F7BD9D2DFE12702 /* PixabayDataSource.swift */,
			);
			path = Data;
			sourceTree = "<group>";
		};
		5FD257BBB2F98BE36B9607A5 /* Utils */ = {
			isa = PBXGroup;
			children = (
				5FD25A7FD6812EB9E7147E83 /* Extensions.swift */,
				5FD25A314017F2BF44DC649E /* EventMonitor.swift */,
			);
			path = Utils;
			sourceTree = "<group>";
		};
		5FD2586FC2EDD6C1A87D55E0 /* Views */ = {
			isa = PBXGroup;
			children = (
				FECF9E4425FAE29200B079CC /* Panels */,
				FE7F04B225F155AB002FC726 /* RoundedContainer.swift */,
				5FD25BD9A1429EA03D30E6A6 /* WallpaperAction.swift */,
				FECF9E3D25FA0DEC00B079CC /* WallpaperData.swift */,
				5FD25AE0C1D4B82A285DBBC9 /* WallpaperViewer.swift */,
			);
			path = Views;
			sourceTree = "<group>";
		};
		5FD25B3EE78CD42DF991F815 /* Network */ = {
			isa = PBXGroup;
			children = (
				5FD25E5F6CC9BFE14208CE95 /* Services */,
				5FD253CB51D07F37D7C5F8A0 /* Common */,
				5FD25BA11C712AD26959C7BE /* Endpoint.swift */,
				5FD25F2F312729CEE4717C28 /* Alias.swift */,
				5FD256E648FF44B25CE79171 /* HTTPMethod.swift */,
				5FD25A2CB529973EED2B7969 /* NetworkClient.swift */,
				5FD250F0DBB954738EBC8EB5 /* NetworkManager.swift */,
				5FD259D68AD53CADE933B5A8 /* Publisher+Operators.swift */,
			);
			path = Network;
			sourceTree = "<group>";
		};
		5FD25CD1047E9159D7C7F36E /* Models */ = {
			isa = PBXGroup;
			children = (
				5FD25EDFA09A7ED945FDBD5D /* PexelsPhoto.swift */,
				5FD25D4B698FB092CC496B9C /* PexelsPhotoList.swift */,
				5FD25A20A3E961677A5003D0 /* Convertible.swift */,
				5FD2595EE7CB28E4405D1D4B /* PixabayPhotoList.swift */,
				5FD2528A379C825765F07DE0 /* PixabayPhoto.swift */,
			);
			path = Models;
			sourceTree = "<group>";
		};
		5FD25E5F6CC9BFE14208CE95 /* Services */ = {
			isa = PBXGroup;
			children = (
				5FD25CD1047E9159D7C7F36E /* Models */,
				5FD25F26C42802FB47AFD001 /* PexelsApi.swift */,
				5FD25F9195A83CFD954E02C9 /* PixabayApi.swift */,
			);
			path = Services;
			sourceTree = "<group>";
		};
		FE30E03125AF51360000D409 = {
			isa = PBXGroup;
			children = (
				FE30E03C25AF51360000D409 /* wowpapers */,
				FE30E03B25AF51360000D409 /* Products */,
				5FD25D6FA71F4554AE688987 /* .gitignore */,
			);
			sourceTree = "<group>";
		};
		FE30E03B25AF51360000D409 /* Products */ = {
			isa = PBXGroup;
			children = (
				FE30E03A25AF51360000D409 /* wowpapers.app */,
			);
			name = Products;
			sourceTree = "<group>";
		};
		FE30E03C25AF51360000D409 /* wowpapers */ = {
			isa = PBXGroup;
			children = (
				5FD257BBB2F98BE36B9607A5 /* Utils */,
				FE30E05125AF52CB0000D409 /* Core */,
				5FD257470A5A799C26D062EC /* Data */,
				FE30E05225AF52D90000D409 /* Presentation */,
				FE30E03D25AF51360000D409 /* AppDelegate.swift */,
				FE30E07425AF5E6E0000D409 /* Constants.swift */,
				FE30E04125AF51370000D409 /* Assets.xcassets */,
				FE30E04925AF51370000D409 /* Info.plist */,
				FE30E04625AF51370000D409 /* Main.storyboard */,
				FE30E04325AF51370000D409 /* Preview Content */,
				FE30E04A25AF51370000D409 /* wowpapers.entitlements */,
			);
			path = wowpapers;
			sourceTree = "<group>";
		};
		FE30E04325AF51370000D409 /* Preview Content */ = {
			isa = PBXGroup;
			children = (
				FE30E04425AF51370000D409 /* Preview Assets.xcassets */,
			);
			path = "Preview Content";
			sourceTree = "<group>";
		};
		FE30E05125AF52CB0000D409 /* Core */ = {
			isa = PBXGroup;
			children = (
				FE30E06025AF53A20000D409 /* Models */,
				5FD2583C713CE4A3170FE275 /* PhotoProvider.swift */,
				5FD25AD52638A9F140EED157 /* Resource.swift */,
			);
			path = Core;
			sourceTree = "<group>";
		};
		FE30E05225AF52D90000D409 /* Presentation */ = {
			isa = PBXGroup;
			children = (
				5FD255F03F46139C58501DCD /* Common */,
				5FD2534005D875DC91FDF0AF /* Main */,
			);
			path = Presentation;
			sourceTree = "<group>";
		};
		FE30E06025AF53A20000D409 /* Models */ = {
			isa = PBXGroup;
			children = (
				FE30E08125AF61FB0000D409 /* PhotoModel.swift */,
				FE30E08425AF62560000D409 /* Photographer.swift */,
				5FD256CC45C70A61A721C5C5 /* WallpaperResults.swift */,
			);
			path = Models;
			sourceTree = "<group>";
		};
		FE4BD0AA25FD510F00237C05 /* Category */ = {
			isa = PBXGroup;
			children = (
				FE87185825FB892A00E79338 /* CategoryConfiguration.swift */,
				FECF9E4025FA343C00B079CC /* CategoryPanel.swift */,
				FE4BD0AB25FD512900237C05 /* CategoryChip.swift */,
			);
			path = Category;
			sourceTree = "<group>";
		};
		FE4BD0AF25FD53B800237C05 /* Motion */ = {
			isa = PBXGroup;
			children = (
				FE87186225FB8FA200E79338 /* Animations.swift */,
				FE87185C25FB8C2500E79338 /* Transitions.swift */,
			);
			path = Motion;
			sourceTree = "<group>";
		};
		FECF9E4425FAE29200B079CC /* Panels */ = {
			isa = PBXGroup;
			children = (
				FE4BD0AA25FD510F00237C05 /* Category */,
				FECF9E4625FAE5FC00B079CC /* SourcePanel.swift */,
				FE97D4292600AC4400E20591 /* ConfigurationBox.swift */,
			);
			path = Panels;
			sourceTree = "<group>";
		};
/* End PBXGroup section */

/* Begin PBXNativeTarget section */
		FE30E03925AF51360000D409 /* wowpapers */ = {
			isa = PBXNativeTarget;
			buildConfigurationList = FE30E04D25AF51370000D409 /* Build configuration list for PBXNativeTarget "wowpapers" */;
			buildPhases = (
				FE30E03625AF51360000D409 /* Sources */,
				FE30E03725AF51360000D409 /* Frameworks */,
				FE30E03825AF51360000D409 /* Resources */,
			);
			buildRules = (
			);
			dependencies = (
			);
			name = wowpapers;
			productName = wowpapers;
			productReference = FE30E03A25AF51360000D409 /* wowpapers.app */;
			productType = "com.apple.product-type.application";
		};
/* End PBXNativeTarget section */

/* Begin PBXProject section */
		FE30E03225AF51360000D409 /* Project object */ = {
			isa = PBXProject;
			attributes = {
				LastSwiftUpdateCheck = 1230;
				LastUpgradeCheck = 1240;
				TargetAttributes = {
					FE30E03925AF51360000D409 = {
						CreatedOnToolsVersion = 12.3;
					};
				};
			};
			buildConfigurationList = FE30E03525AF51360000D409 /* Build configuration list for PBXProject "wowpapers" */;
			compatibilityVersion = "Xcode 9.3";
			developmentRegion = en;
			hasScannedForEncodings = 0;
			knownRegions = (
				en,
				Base,
			);
			mainGroup = FE30E03125AF51360000D409;
			productRefGroup = FE30E03B25AF51360000D409 /* Products */;
			projectDirPath = "";
			projectRoot = "";
			targets = (
				FE30E03925AF51360000D409 /* wowpapers */,
			);
		};
/* End PBXProject section */

/* Begin PBXResourcesBuildPhase section */
		FE30E03825AF51360000D409 /* Resources */ = {
			isa = PBXResourcesBuildPhase;
			buildActionMask = 2147483647;
			files = (
				FE30E04825AF51370000D409 /* Main.storyboard in Resources */,
				FE30E04525AF51370000D409 /* Preview Assets.xcassets in Resources */,
				FE30E04225AF51370000D409 /* Assets.xcassets in Resources */,
				5FD250D45B710FE8783E9337 /* .gitignore in Resources */,
			);
			runOnlyForDeploymentPostprocessing = 0;
		};
/* End PBXResourcesBuildPhase section */

/* Begin PBXSourcesBuildPhase section */
		FE30E03625AF51360000D409 /* Sources */ = {
			isa = PBXSourcesBuildPhase;
			buildActionMask = 2147483647;
			files = (
				FE30E08525AF62560000D409 /* Photographer.swift in Sources */,
				FEDB6AD125B8AC3C0082147F /* Colors.swift in Sources */,
				FE30E03E25AF51360000D409 /* AppDelegate.swift in Sources */,
				FE30E08225AF61FB0000D409 /* PhotoModel.swift in Sources */,
				FE30E07525AF5E6E0000D409 /* Constants.swift in Sources */,
				FECF9E4725FAE5FC00B079CC /* SourcePanel.swift in Sources */,
				5FD25A3831EE46A83DB6FDE5 /* AsyncImage.swift in Sources */,
				5FD250CB80A06678FFDA0175 /* CommonUI.swift in Sources */,
				5FD25A7F2F3F8741153BF7F8 /* CircularProgress.swift in Sources */,
				5FD25FAEED8EB7D94C53FB63 /* LinearProgress.swift in Sources */,
				5FD25A60D77C547AFFE073DC /* Placeholders.swift in Sources */,
				5FD2512FC9C236C830FBE587 /* MainContentView.swift in Sources */,
				5FD258C86EB512FE535E35B1 /* MainViewModel.swift in Sources */,
				5FD25DBC39625DE6ADE207C6 /* ClipShape.swift in Sources */,
				FE87186325FB8FA200E79338 /* Animations.swift in Sources */,
				5FD2501E64124E3E6BD67596 /* WallpaperViewer.swift in Sources */,
				5FD25B6101139B7A2103FF10 /* WallpaperAction.swift in Sources */,
				5FD259356EE89C4C96DFF01D /* PhotoProvider.swift in Sources */,
				5FD25FCDB1D800A01E44754E /* NetworkManager.swift in Sources */,
				FE1ED72025EE5F5E00740923 /* VisualEffectView.swift in Sources */,
				5FD25DDE9EAE5795961123E9 /* Endpoint.swift in Sources */,
				5FD25F910D8D47468E031BFE /* PexelsDataSource.swift in Sources */,
				5FD25DD2AC2B13089A3A24C3 /* PhotoDataSource.swift in Sources */,
				FE87185D25FB8C2500E79338 /* Transitions.swift in Sources */,
				5FD25322C10640EA85FB46E0 /* NetworkClient.swift in Sources */,
				5FD2591D637EF8DAF125B027 /* Alias.swift in Sources */,
				5FD25C05679C1A17B35DBE0D /* Extensions.swift in Sources */,
				5FD253FE9A9A09810CB542E7 /* PexelsApi.swift in Sources */,
				5FD25F0808D2015122AAEA41 /* PexelsPhoto.swift in Sources */,
				5FD254EF3C0FEEBFC6238423 /* PexelsPhotoList.swift in Sources */,
				5FD2541D21275CEC4A134999 /* NetworkResponse.swift in Sources */,
				5FD25BEB4ADE4A49EFAA9398 /* NetworkError.swift in Sources */,
				5FD2591898EE972F714128F2 /* Nothing.swift in Sources */,
				FE97D42A2600AC4400E20591 /* ConfigurationBox.swift in Sources */,
				FECF9E3E25FA0DEC00B079CC /* WallpaperData.swift in Sources */,
				FE7F04B325F155AB002FC726 /* RoundedContainer.swift in Sources */,
				FE4BD0AC25FD512900237C05 /* CategoryChip.swift in Sources */,
				5FD25E2CD9DDC07541556A9E /* Convertible.swift in Sources */,
				5FD253FAF61A1DDF828B9446 /* HTTPMethod.swift in Sources */,
				5FD256671766207A8BD03507 /* Publisher+Operators.swift in Sources */,
				5FD25B873CA2A134DEABB2CB /* Resource.swift in Sources */,
				5FD2588415E832EEF420FA49 /* WallpaperResults.swift in Sources */,
				FE87185925FB892A00E79338 /* CategoryConfiguration.swift in Sources */,
				5FD255ABD21F93965816E859 /* PixabayApi.swift in Sources */,
				5FD250EE1246FF2936854439 /* PixabayPhotoList.swift in Sources */,
				5FD25E0D62B816846394A9CA /* PixabayPhoto.swift in Sources */,
				FECF9E4125FA343C00B079CC /* CategoryPanel.swift in Sources */,
				5FD259F048854D970D41B053 /* PixabayDataSource.swift in Sources */,
				5FD25D886095BFA7FC0D9E30 /* EventMonitor.swift in Sources */,
			);
			runOnlyForDeploymentPostprocessing = 0;
		};
/* End PBXSourcesBuildPhase section */

/* Begin PBXVariantGroup section */
		FE30E04625AF51370000D409 /* Main.storyboard */ = {
			isa = PBXVariantGroup;
			children = (
				FE30E04725AF51370000D409 /* Base */,
			);
			name = Main.storyboard;
			sourceTree = "<group>";
		};
/* End PBXVariantGroup section */

/* Begin XCBuildConfiguration section */
		FE30E04B25AF51370000D409 /* Debug */ = {
			isa = XCBuildConfiguration;
			buildSettings = {
				ALWAYS_SEARCH_USER_PATHS = NO;
				CLANG_ANALYZER_LOCALIZABILITY_NONLOCALIZED = YES;
				CLANG_ANALYZER_NONNULL = YES;
				CLANG_ANALYZER_NUMBER_OBJECT_CONVERSION = YES_AGGRESSIVE;
				CLANG_CXX_LANGUAGE_STANDARD = "gnu++14";
				CLANG_CXX_LIBRARY = "libc++";
				CLANG_ENABLE_MODULES = YES;
				CLANG_ENABLE_OBJC_ARC = YES;
				CLANG_ENABLE_OBJC_WEAK = YES;
				CLANG_WARN_BLOCK_CAPTURE_AUTORELEASING = YES;
				CLANG_WARN_BOOL_CONVERSION = YES;
				CLANG_WARN_COMMA = YES;
				CLANG_WARN_CONSTANT_CONVERSION = YES;
				CLANG_WARN_DEPRECATED_OBJC_IMPLEMENTATIONS = YES;
				CLANG_WARN_DIRECT_OBJC_ISA_USAGE = YES_ERROR;
				CLANG_WARN_DOCUMENTATION_COMMENTS = YES;
				CLANG_WARN_EMPTY_BODY = YES;
				CLANG_WARN_ENUM_CONVERSION = YES;
				CLANG_WARN_INFINITE_RECURSION = YES;
				CLANG_WARN_INT_CONVERSION = YES;
				CLANG_WARN_NON_LITERAL_NULL_CONVERSION = YES;
				CLANG_WARN_OBJC_IMPLICIT_RETAIN_SELF = YES;
				CLANG_WARN_OBJC_LITERAL_CONVERSION = YES;
				CLANG_WARN_OBJC_ROOT_CLASS = YES_ERROR;
				CLANG_WARN_QUOTED_INCLUDE_IN_FRAMEWORK_HEADER = YES;
				CLANG_WARN_RANGE_LOOP_ANALYSIS = YES;
				CLANG_WARN_STRICT_PROTOTYPES = YES;
				CLANG_WARN_SUSPICIOUS_MOVE = YES;
				CLANG_WARN_UNGUARDED_AVAILABILITY = YES_AGGRESSIVE;
				CLANG_WARN_UNREACHABLE_CODE = YES;
				CLANG_WARN__DUPLICATE_METHOD_MATCH = YES;
				COPY_PHASE_STRIP = NO;
				DEBUG_INFORMATION_FORMAT = dwarf;
				ENABLE_STRICT_OBJC_MSGSEND = YES;
				ENABLE_TESTABILITY = YES;
				GCC_C_LANGUAGE_STANDARD = gnu11;
				GCC_DYNAMIC_NO_PIC = NO;
				GCC_NO_COMMON_BLOCKS = YES;
				GCC_OPTIMIZATION_LEVEL = 0;
				GCC_PREPROCESSOR_DEFINITIONS = (
					"DEBUG=1",
					"$(inherited)",
				);
				GCC_WARN_64_TO_32_BIT_CONVERSION = YES;
				GCC_WARN_ABOUT_RETURN_TYPE = YES_ERROR;
				GCC_WARN_UNDECLARED_SELECTOR = YES;
				GCC_WARN_UNINITIALIZED_AUTOS = YES_AGGRESSIVE;
				GCC_WARN_UNUSED_FUNCTION = YES;
				GCC_WARN_UNUSED_VARIABLE = YES;
				MACOSX_DEPLOYMENT_TARGET = 11.1;
				MTL_ENABLE_DEBUG_INFO = INCLUDE_SOURCE;
				MTL_FAST_MATH = YES;
				ONLY_ACTIVE_ARCH = YES;
				SDKROOT = macosx;
				SWIFT_ACTIVE_COMPILATION_CONDITIONS = DEBUG;
				SWIFT_OPTIMIZATION_LEVEL = "-Onone";
			};
			name = Debug;
		};
		FE30E04C25AF51370000D409 /* Release */ = {
			isa = XCBuildConfiguration;
			buildSettings = {
				ALWAYS_SEARCH_USER_PATHS = NO;
				CLANG_ANALYZER_LOCALIZABILITY_NONLOCALIZED = YES;
				CLANG_ANALYZER_NONNULL = YES;
				CLANG_ANALYZER_NUMBER_OBJECT_CONVERSION = YES_AGGRESSIVE;
				CLANG_CXX_LANGUAGE_STANDARD = "gnu++14";
				CLANG_CXX_LIBRARY = "libc++";
				CLANG_ENABLE_MODULES = YES;
				CLANG_ENABLE_OBJC_ARC = YES;
				CLANG_ENABLE_OBJC_WEAK = YES;
				CLANG_WARN_BLOCK_CAPTURE_AUTORELEASING = YES;
				CLANG_WARN_BOOL_CONVERSION = YES;
				CLANG_WARN_COMMA = YES;
				CLANG_WARN_CONSTANT_CONVERSION = YES;
				CLANG_WARN_DEPRECATED_OBJC_IMPLEMENTATIONS = YES;
				CLANG_WARN_DIRECT_OBJC_ISA_USAGE = YES_ERROR;
				CLANG_WARN_DOCUMENTATION_COMMENTS = YES;
				CLANG_WARN_EMPTY_BODY = YES;
				CLANG_WARN_ENUM_CONVERSION = YES;
				CLANG_WARN_INFINITE_RECURSION = YES;
				CLANG_WARN_INT_CONVERSION = YES;
				CLANG_WARN_NON_LITERAL_NULL_CONVERSION = YES;
				CLANG_WARN_OBJC_IMPLICIT_RETAIN_SELF = YES;
				CLANG_WARN_OBJC_LITERAL_CONVERSION = YES;
				CLANG_WARN_OBJC_ROOT_CLASS = YES_ERROR;
				CLANG_WARN_QUOTED_INCLUDE_IN_FRAMEWORK_HEADER = YES;
				CLANG_WARN_RANGE_LOOP_ANALYSIS = YES;
				CLANG_WARN_STRICT_PROTOTYPES = YES;
				CLANG_WARN_SUSPICIOUS_MOVE = YES;
				CLANG_WARN_UNGUARDED_AVAILABILITY = YES_AGGRESSIVE;
				CLANG_WARN_UNREACHABLE_CODE = YES;
				CLANG_WARN__DUPLICATE_METHOD_MATCH = YES;
				COPY_PHASE_STRIP = NO;
				DEBUG_INFORMATION_FORMAT = "dwarf-with-dsym";
				ENABLE_NS_ASSERTIONS = NO;
				ENABLE_STRICT_OBJC_MSGSEND = YES;
				GCC_C_LANGUAGE_STANDARD = gnu11;
				GCC_NO_COMMON_BLOCKS = YES;
				GCC_WARN_64_TO_32_BIT_CONVERSION = YES;
				GCC_WARN_ABOUT_RETURN_TYPE = YES_ERROR;
				GCC_WARN_UNDECLARED_SELECTOR = YES;
				GCC_WARN_UNINITIALIZED_AUTOS = YES_AGGRESSIVE;
				GCC_WARN_UNUSED_FUNCTION = YES;
				GCC_WARN_UNUSED_VARIABLE = YES;
				MACOSX_DEPLOYMENT_TARGET = 11.1;
				MTL_ENABLE_DEBUG_INFO = NO;
				MTL_FAST_MATH = YES;
				SDKROOT = macosx;
				SWIFT_COMPILATION_MODE = wholemodule;
				SWIFT_OPTIMIZATION_LEVEL = "-O";
			};
			name = Release;
		};
		FE30E04E25AF51370000D409 /* Debug */ = {
			isa = XCBuildConfiguration;
			buildSettings = {
				ASSETCATALOG_COMPILER_APPICON_NAME = AppIcon;
				ASSETCATALOG_COMPILER_GLOBAL_ACCENT_COLOR_NAME = AccentColor;
				CODE_SIGN_ENTITLEMENTS = wowpapers/wowpapers.entitlements;
				CODE_SIGN_IDENTITY = "-";
				CODE_SIGN_STYLE = Automatic;
				COMBINE_HIDPI_IMAGES = YES;
				DEVELOPMENT_ASSET_PATHS = "\"wowpapers/Preview Content\"";
				ENABLE_PREVIEWS = YES;
				INFOPLIST_FILE = wowpapers/Info.plist;
				LD_RUNPATH_SEARCH_PATHS = (
					"$(inherited)",
					"@executable_path/../Frameworks",
				);
				MACOSX_DEPLOYMENT_TARGET = 11.0;
				PRODUCT_BUNDLE_IDENTIFIER = dev.iroyo.wowpapers;
				PRODUCT_NAME = "$(TARGET_NAME)";
				SWIFT_VERSION = 5.0;
			};
			name = Debug;
		};
		FE30E04F25AF51370000D409 /* Release */ = {
			isa = XCBuildConfiguration;
			buildSettings = {
				ASSETCATALOG_COMPILER_APPICON_NAME = AppIcon;
				ASSETCATALOG_COMPILER_GLOBAL_ACCENT_COLOR_NAME = AccentColor;
				CODE_SIGN_ENTITLEMENTS = wowpapers/wowpapers.entitlements;
				CODE_SIGN_IDENTITY = "-";
				CODE_SIGN_STYLE = Automatic;
				COMBINE_HIDPI_IMAGES = YES;
				DEVELOPMENT_ASSET_PATHS = "\"wowpapers/Preview Content\"";
				ENABLE_PREVIEWS = YES;
				INFOPLIST_FILE = wowpapers/Info.plist;
				LD_RUNPATH_SEARCH_PATHS = (
					"$(inherited)",
					"@executable_path/../Frameworks",
				);
				MACOSX_DEPLOYMENT_TARGET = 11.0;
				PRODUCT_BUNDLE_IDENTIFIER = dev.iroyo.wowpapers;
				PRODUCT_NAME = "$(TARGET_NAME)";
				SWIFT_VERSION = 5.0;
			};
			name = Release;
		};
/* End XCBuildConfiguration section */

/* Begin XCConfigurationList section */
		FE30E03525AF51360000D409 /* Build configuration list for PBXProject "wowpapers" */ = {
			isa = XCConfigurationList;
			buildConfigurations = (
				FE30E04B25AF51370000D409 /* Debug */,
				FE30E04C25AF51370000D409 /* Release */,
			);
			defaultConfigurationIsVisible = 0;
			defaultConfigurationName = Release;
		};
		FE30E04D25AF51370000D409 /* Build configuration list for PBXNativeTarget "wowpapers" */ = {
			isa = XCConfigurationList;
			buildConfigurations = (
				FE30E04E25AF51370000D409 /* Debug */,
				FE30E04F25AF51370000D409 /* Release */,
			);
			defaultConfigurationIsVisible = 0;
			defaultConfigurationName = Release;
		};
/* End XCConfigurationList section */
	};
	rootObject = FE30E03225AF51360000D409 /* Project object */;
}
