// !$*UTF8*$!
{
	archiveVersion = 1;
	classes = {
	};
	objectVersion = 50;
	objects = {

/* Begin PBXBuildFile section */
		5FD2503E1A99F1EC90A1C5D8 /* WallpaperView.swift in Sources */ = {isa = PBXBuildFile; fileRef = 5FD2561B09D48B2B2F9CFD8F /* WallpaperView.swift */; };
		5FD250CB80A06678FFDA0175 /* CommonUI.swift in Sources */ = {isa = PBXBuildFile; fileRef = 5FD2592A14BCB5517CD11284 /* CommonUI.swift */; };
		5FD250D45B710FE8783E9337 /* .gitignore in Resources */ = {isa = PBXBuildFile; fileRef = 5FD25D6FA71F4554AE688987 /* .gitignore */; };
		5FD2512FC9C236C830FBE587 /* MainContentView.swift in Sources */ = {isa = PBXBuildFile; fileRef = 5FD2575401F2672599648E7F /* MainContentView.swift */; };
		5FD2561A88F6CF36618B7E1A /* PhotoOrigin.swift in Sources */ = {isa = PBXBuildFile; fileRef = 5FD25E8410A20DB1A000AD20 /* PhotoOrigin.swift */; };
		5FD258C86EB512FE535E35B1 /* MainViewModel.swift in Sources */ = {isa = PBXBuildFile; fileRef = 5FD25B0A426FF98872DF58B3 /* MainViewModel.swift */; };
		5FD25A3831EE46A83DB6FDE5 /* AsyncImage.swift in Sources */ = {isa = PBXBuildFile; fileRef = 5FD25CB9335A0E6AA2016767 /* AsyncImage.swift */; };
		5FD25A60D77C547AFFE073DC /* Placeholders.swift in Sources */ = {isa = PBXBuildFile; fileRef = 5FD256C367484D2579B98FBF /* Placeholders.swift */; };
		5FD25A7F2F3F8741153BF7F8 /* CircularProgress.swift in Sources */ = {isa = PBXBuildFile; fileRef = 5FD250AEA48D040AD1B97219 /* CircularProgress.swift */; };
		5FD25C634C39103483DDF4A0 /* NetworkResponse.swift in Sources */ = {isa = PBXBuildFile; fileRef = 5FD25D03C01146397FAD5AC0 /* NetworkResponse.swift */; };
		5FD25F833EE9CC196CD78E79 /* ApiService.swift in Sources */ = {isa = PBXBuildFile; fileRef = 5FD25086305FCEEB3822BE4C /* ApiService.swift */; };
		5FD25FAEED8EB7D94C53FB63 /* LinearProgress.swift in Sources */ = {isa = PBXBuildFile; fileRef = 5FD256A8F3BC3E35E87FE0DF /* LinearProgress.swift */; };
		FE30E03E25AF51360000D409 /* AppDelegate.swift in Sources */ = {isa = PBXBuildFile; fileRef = FE30E03D25AF51360000D409 /* AppDelegate.swift */; };
		FE30E04225AF51370000D409 /* Assets.xcassets in Resources */ = {isa = PBXBuildFile; fileRef = FE30E04125AF51370000D409 /* Assets.xcassets */; };
		FE30E04525AF51370000D409 /* Preview Assets.xcassets in Resources */ = {isa = PBXBuildFile; fileRef = FE30E04425AF51370000D409 /* Preview Assets.xcassets */; };
		FE30E04825AF51370000D409 /* Main.storyboard in Resources */ = {isa = PBXBuildFile; fileRef = FE30E04625AF51370000D409 /* Main.storyboard */; };
		FE30E07525AF5E6E0000D409 /* Constants.swift in Sources */ = {isa = PBXBuildFile; fileRef = FE30E07425AF5E6E0000D409 /* Constants.swift */; };
		FE30E07825AF5FF80000D409 /* Output.swift in Sources */ = {isa = PBXBuildFile; fileRef = FE30E07725AF5FF80000D409 /* Output.swift */; };
		FE30E08225AF61FB0000D409 /* PhotoModel.swift in Sources */ = {isa = PBXBuildFile; fileRef = FE30E08125AF61FB0000D409 /* PhotoModel.swift */; };
		FE30E08525AF62560000D409 /* Photographer.swift in Sources */ = {isa = PBXBuildFile; fileRef = FE30E08425AF62560000D409 /* Photographer.swift */; };
		FE30E08825AF62DE0000D409 /* PexelsPhoto.swift in Sources */ = {isa = PBXBuildFile; fileRef = FE30E08725AF62DE0000D409 /* PexelsPhoto.swift */; };
		FE30E08C25AF64180000D409 /* PexelsPhotoList.swift in Sources */ = {isa = PBXBuildFile; fileRef = FE30E08B25AF64180000D409 /* PexelsPhotoList.swift */; };
		FE30E09025AF646A0000D409 /* NetworkError.swift in Sources */ = {isa = PBXBuildFile; fileRef = FE30E08F25AF646A0000D409 /* NetworkError.swift */; };
		FE30E09325AF64A90000D409 /* NetworkManager.swift in Sources */ = {isa = PBXBuildFile; fileRef = FE30E09225AF64A90000D409 /* NetworkManager.swift */; };
		FEDB6AD125B8AC3C0082147F /* Colors.swift in Sources */ = {isa = PBXBuildFile; fileRef = FEDB6AD025B8AC3C0082147F /* Colors.swift */; };
/* End PBXBuildFile section */

/* Begin PBXFileReference section */
		5FD25086305FCEEB3822BE4C /* ApiService.swift */ = {isa = PBXFileReference; fileEncoding = 4; lastKnownFileType = sourcecode.swift; path = ApiService.swift; sourceTree = "<group>"; };
		5FD250AEA48D040AD1B97219 /* CircularProgress.swift */ = {isa = PBXFileReference; fileEncoding = 4; lastKnownFileType = sourcecode.swift; path = CircularProgress.swift; sourceTree = "<group>"; };
		5FD2561B09D48B2B2F9CFD8F /* WallpaperView.swift */ = {isa = PBXFileReference; fileEncoding = 4; lastKnownFileType = sourcecode.swift; path = WallpaperView.swift; sourceTree = "<group>"; };
		5FD256A8F3BC3E35E87FE0DF /* LinearProgress.swift */ = {isa = PBXFileReference; fileEncoding = 4; lastKnownFileType = sourcecode.swift; path = LinearProgress.swift; sourceTree = "<group>"; };
		5FD256C367484D2579B98FBF /* Placeholders.swift */ = {isa = PBXFileReference; fileEncoding = 4; lastKnownFileType = sourcecode.swift; path = Placeholders.swift; sourceTree = "<group>"; };
		5FD2575401F2672599648E7F /* MainContentView.swift */ = {isa = PBXFileReference; fileEncoding = 4; lastKnownFileType = sourcecode.swift; path = MainContentView.swift; sourceTree = "<group>"; };
		5FD2592A14BCB5517CD11284 /* CommonUI.swift */ = {isa = PBXFileReference; fileEncoding = 4; lastKnownFileType = sourcecode.swift; path = CommonUI.swift; sourceTree = "<group>"; };
		5FD25B0A426FF98872DF58B3 /* MainViewModel.swift */ = {isa = PBXFileReference; fileEncoding = 4; lastKnownFileType = sourcecode.swift; path = MainViewModel.swift; sourceTree = "<group>"; };
		5FD25CB9335A0E6AA2016767 /* AsyncImage.swift */ = {isa = PBXFileReference; fileEncoding = 4; lastKnownFileType = sourcecode.swift; path = AsyncImage.swift; sourceTree = "<group>"; };
		5FD25D03C01146397FAD5AC0 /* NetworkResponse.swift */ = {isa = PBXFileReference; fileEncoding = 4; lastKnownFileType = sourcecode.swift; path = NetworkResponse.swift; sourceTree = "<group>"; };
		5FD25D6FA71F4554AE688987 /* .gitignore */ = {isa = PBXFileReference; lastKnownFileType = file.gitignore; path = .gitignore; sourceTree = "<group>"; };
		5FD25E8410A20DB1A000AD20 /* PhotoOrigin.swift */ = {isa = PBXFileReference; fileEncoding = 4; lastKnownFileType = sourcecode.swift; path = PhotoOrigin.swift; sourceTree = "<group>"; };
		FE30E03A25AF51360000D409 /* wowpapers.app */ = {isa = PBXFileReference; explicitFileType = wrapper.application; includeInIndex = 0; path = wowpapers.app; sourceTree = BUILT_PRODUCTS_DIR; };
		FE30E03D25AF51360000D409 /* AppDelegate.swift */ = {isa = PBXFileReference; lastKnownFileType = sourcecode.swift; path = AppDelegate.swift; sourceTree = "<group>"; };
		FE30E04125AF51370000D409 /* Assets.xcassets */ = {isa = PBXFileReference; lastKnownFileType = folder.assetcatalog; path = Assets.xcassets; sourceTree = "<group>"; };
		FE30E04425AF51370000D409 /* Preview Assets.xcassets */ = {isa = PBXFileReference; lastKnownFileType = folder.assetcatalog; path = "Preview Assets.xcassets"; sourceTree = "<group>"; };
		FE30E04725AF51370000D409 /* Base */ = {isa = PBXFileReference; lastKnownFileType = file.storyboard; name = Base; path = Base.lproj/Main.storyboard; sourceTree = "<group>"; };
		FE30E04925AF51370000D409 /* Info.plist */ = {isa = PBXFileReference; lastKnownFileType = text.plist.xml; path = Info.plist; sourceTree = "<group>"; };
		FE30E04A25AF51370000D409 /* wowpapers.entitlements */ = {isa = PBXFileReference; lastKnownFileType = text.plist.entitlements; path = wowpapers.entitlements; sourceTree = "<group>"; };
		FE30E07425AF5E6E0000D409 /* Constants.swift */ = {isa = PBXFileReference; lastKnownFileType = sourcecode.swift; path = Constants.swift; sourceTree = "<group>"; };
		FE30E07725AF5FF80000D409 /* Output.swift */ = {isa = PBXFileReference; lastKnownFileType = sourcecode.swift; path = Output.swift; sourceTree = "<group>"; };
		FE30E08125AF61FB0000D409 /* PhotoModel.swift */ = {isa = PBXFileReference; lastKnownFileType = sourcecode.swift; path = PhotoModel.swift; sourceTree = "<group>"; };
		FE30E08425AF62560000D409 /* Photographer.swift */ = {isa = PBXFileReference; lastKnownFileType = sourcecode.swift; path = Photographer.swift; sourceTree = "<group>"; };
		FE30E08725AF62DE0000D409 /* PexelsPhoto.swift */ = {isa = PBXFileReference; lastKnownFileType = sourcecode.swift; path = PexelsPhoto.swift; sourceTree = "<group>"; };
		FE30E08B25AF64180000D409 /* PexelsPhotoList.swift */ = {isa = PBXFileReference; lastKnownFileType = sourcecode.swift; path = PexelsPhotoList.swift; sourceTree = "<group>"; };
		FE30E08F25AF646A0000D409 /* NetworkError.swift */ = {isa = PBXFileReference; lastKnownFileType = sourcecode.swift; path = NetworkError.swift; sourceTree = "<group>"; };
		FE30E09225AF64A90000D409 /* NetworkManager.swift */ = {isa = PBXFileReference; lastKnownFileType = sourcecode.swift; path = NetworkManager.swift; sourceTree = "<group>"; };
		FEDB6AD025B8AC3C0082147F /* Colors.swift */ = {isa = PBXFileReference; lastKnownFileType = sourcecode.swift; path = Colors.swift; sourceTree = "<group>"; };
/* End PBXFileReference section */

/* Begin PBXFrameworksBuildPhase section */
		FE30E03725AF51360000D409 /* Frameworks */ = {
			isa = PBXFrameworksBuildPhase;
			buildActionMask = 2147483647;
			files = (
			);
			runOnlyForDeploymentPostprocessing = 0;
		};
/* End PBXFrameworksBuildPhase section */

/* Begin PBXGroup section */
		5FD2534005D875DC91FDF0AF /* Main */ = {
			isa = PBXGroup;
			children = (
				5FD2575401F2672599648E7F /* MainContentView.swift */,
				5FD25B0A426FF98872DF58B3 /* MainViewModel.swift */,
				5FD2552439C6D710D3F6992A /* View */,
			);
			path = Main;
			sourceTree = "<group>";
		};
		5FD253889AC9E349FCC79943 /* Progress */ = {
			isa = PBXGroup;
			children = (
				5FD250AEA48D040AD1B97219 /* CircularProgress.swift */,
				5FD256A8F3BC3E35E87FE0DF /* LinearProgress.swift */,
			);
			path = Progress;
			sourceTree = "<group>";
		};
		5FD2552439C6D710D3F6992A /* View */ = {
			isa = PBXGroup;
			children = (
				5FD2561B09D48B2B2F9CFD8F /* WallpaperView.swift */,
			);
			path = View;
			sourceTree = "<group>";
		};
		5FD255F03F46139C58501DCD /* Common */ = {
			isa = PBXGroup;
			children = (
				5FD25CB9335A0E6AA2016767 /* AsyncImage.swift */,
				FEDB6AD025B8AC3C0082147F /* Colors.swift */,
				5FD2592A14BCB5517CD11284 /* CommonUI.swift */,
				5FD253889AC9E349FCC79943 /* Progress */,
				5FD256C367484D2579B98FBF /* Placeholders.swift */,
			);
			path = Common;
			sourceTree = "<group>";
		};
		FE30E03125AF51360000D409 = {
			isa = PBXGroup;
			children = (
				FE30E03C25AF51360000D409 /* wowpapers */,
				FE30E03B25AF51360000D409 /* Products */,
				5FD25D6FA71F4554AE688987 /* .gitignore */,
			);
			sourceTree = "<group>";
		};
		FE30E03B25AF51360000D409 /* Products */ = {
			isa = PBXGroup;
			children = (
				FE30E03A25AF51360000D409 /* wowpapers.app */,
			);
			name = Products;
			sourceTree = "<group>";
		};
		FE30E03C25AF51360000D409 /* wowpapers */ = {
			isa = PBXGroup;
			children = (
				FE30E05325AF52E80000D409 /* Network */,
				FE30E05125AF52CB0000D409 /* Core */,
				FE30E05225AF52D90000D409 /* Presentation */,
				FE30E03D25AF51360000D409 /* AppDelegate.swift */,
				FE30E07425AF5E6E0000D409 /* Constants.swift */,
				FE30E04125AF51370000D409 /* Assets.xcassets */,
				FE30E04925AF51370000D409 /* Info.plist */,
				FE30E04625AF51370000D409 /* Main.storyboard */,
				FE30E04325AF51370000D409 /* Preview Content */,
				FE30E04A25AF51370000D409 /* wowpapers.entitlements */,
			);
			path = wowpapers;
			sourceTree = "<group>";
		};
		FE30E04325AF51370000D409 /* Preview Content */ = {
			isa = PBXGroup;
			children = (
				FE30E04425AF51370000D409 /* Preview Assets.xcassets */,
			);
			path = "Preview Content";
			sourceTree = "<group>";
		};
		FE30E05125AF52CB0000D409 /* Core */ = {
			isa = PBXGroup;
			children = (
				FE30E06025AF53A20000D409 /* Models */,
				FE30E07725AF5FF80000D409 /* Output.swift */,
			);
			path = Core;
			sourceTree = "<group>";
		};
		FE30E05225AF52D90000D409 /* Presentation */ = {
			isa = PBXGroup;
			children = (
				5FD255F03F46139C58501DCD /* Common */,
				5FD2534005D875DC91FDF0AF /* Main */,
			);
			path = Presentation;
			sourceTree = "<group>";
		};
		FE30E05325AF52E80000D409 /* Network */ = {
			isa = PBXGroup;
			children = (
				FE30E06B25AF53D20000D409 /* Models */,
				FE30E08F25AF646A0000D409 /* NetworkError.swift */,
				FE30E09225AF64A90000D409 /* NetworkManager.swift */,
				5FD25086305FCEEB3822BE4C /* ApiService.swift */,
				5FD25D03C01146397FAD5AC0 /* NetworkResponse.swift */,
			);
			path = Network;
			sourceTree = "<group>";
		};
		FE30E06025AF53A20000D409 /* Models */ = {
			isa = PBXGroup;
			children = (
				FE30E08125AF61FB0000D409 /* PhotoModel.swift */,
				FE30E08425AF62560000D409 /* Photographer.swift */,
				5FD25E8410A20DB1A000AD20 /* PhotoOrigin.swift */,
			);
			path = Models;
			sourceTree = "<group>";
		};
		FE30E06B25AF53D20000D409 /* Models */ = {
			isa = PBXGroup;
			children = (
				FE30E08725AF62DE0000D409 /* PexelsPhoto.swift */,
				FE30E08B25AF64180000D409 /* PexelsPhotoList.swift */,
			);
			path = Models;
			sourceTree = "<group>";
		};
/* End PBXGroup section */

/* Begin PBXNativeTarget section */
		FE30E03925AF51360000D409 /* wowpapers */ = {
			isa = PBXNativeTarget;
			buildConfigurationList = FE30E04D25AF51370000D409 /* Build configuration list for PBXNativeTarget "wowpapers" */;
			buildPhases = (
				FE30E03625AF51360000D409 /* Sources */,
				FE30E03725AF51360000D409 /* Frameworks */,
				FE30E03825AF51360000D409 /* Resources */,
			);
			buildRules = (
			);
			dependencies = (
			);
			name = wowpapers;
			productName = wowpapers;
			productReference = FE30E03A25AF51360000D409 /* wowpapers.app */;
			productType = "com.apple.product-type.application";
		};
/* End PBXNativeTarget section */

/* Begin PBXProject section */
		FE30E03225AF51360000D409 /* Project object */ = {
			isa = PBXProject;
			attributes = {
				LastSwiftUpdateCheck = 1230;
				LastUpgradeCheck = 1230;
				TargetAttributes = {
					FE30E03925AF51360000D409 = {
						CreatedOnToolsVersion = 12.3;
					};
				};
			};
			buildConfigurationList = FE30E03525AF51360000D409 /* Build configuration list for PBXProject "wowpapers" */;
			compatibilityVersion = "Xcode 9.3";
			developmentRegion = en;
			hasScannedForEncodings = 0;
			knownRegions = (
				en,
				Base,
			);
			mainGroup = FE30E03125AF51360000D409;
			productRefGroup = FE30E03B25AF51360000D409 /* Products */;
			projectDirPath = "";
			projectRoot = "";
			targets = (
				FE30E03925AF51360000D409 /* wowpapers */,
			);
		};
/* End PBXProject section */

/* Begin PBXResourcesBuildPhase section */
		FE30E03825AF51360000D409 /* Resources */ = {
			isa = PBXResourcesBuildPhase;
			buildActionMask = 2147483647;
			files = (
				FE30E04825AF51370000D409 /* Main.storyboard in Resources */,
				FE30E04525AF51370000D409 /* Preview Assets.xcassets in Resources */,
				FE30E04225AF51370000D409 /* Assets.xcassets in Resources */,
				5FD250D45B710FE8783E9337 /* .gitignore in Resources */,
			);
			runOnlyForDeploymentPostprocessing = 0;
		};
/* End PBXResourcesBuildPhase section */

/* Begin PBXSourcesBuildPhase section */
		FE30E03625AF51360000D409 /* Sources */ = {
			isa = PBXSourcesBuildPhase;
			buildActionMask = 2147483647;
			files = (
				FE30E09325AF64A90000D409 /* NetworkManager.swift in Sources */,
				FE30E08525AF62560000D409 /* Photographer.swift in Sources */,
				FE30E08C25AF64180000D409 /* PexelsPhotoList.swift in Sources */,
				FEDB6AD125B8AC3C0082147F /* Colors.swift in Sources */,
				FE30E08825AF62DE0000D409 /* PexelsPhoto.swift in Sources */,
				FE30E07825AF5FF80000D409 /* Output.swift in Sources */,
				FE30E03E25AF51360000D409 /* AppDelegate.swift in Sources */,
				FE30E08225AF61FB0000D409 /* PhotoModel.swift in Sources */,
				FE30E09025AF646A0000D409 /* NetworkError.swift in Sources */,
				FE30E07525AF5E6E0000D409 /* Constants.swift in Sources */,
				5FD25F833EE9CC196CD78E79 /* ApiService.swift in Sources */,
				5FD2561A88F6CF36618B7E1A /* PhotoOrigin.swift in Sources */,
				5FD25C634C39103483DDF4A0 /* NetworkResponse.swift in Sources */,
				5FD25A3831EE46A83DB6FDE5 /* AsyncImage.swift in Sources */,
				5FD250CB80A06678FFDA0175 /* CommonUI.swift in Sources */,
				5FD25A7F2F3F8741153BF7F8 /* CircularProgress.swift in Sources */,
				5FD25FAEED8EB7D94C53FB63 /* LinearProgress.swift in Sources */,
				5FD25A60D77C547AFFE073DC /* Placeholders.swift in Sources */,
				5FD2512FC9C236C830FBE587 /* MainContentView.swift in Sources */,
				5FD258C86EB512FE535E35B1 /* MainViewModel.swift in Sources */,
				5FD2503E1A99F1EC90A1C5D8 /* WallpaperView.swift in Sources */,
			);
			runOnlyForDeploymentPostprocessing = 0;
		};
/* End PBXSourcesBuildPhase section */

/* Begin PBXVariantGroup section */
		FE30E04625AF51370000D409 /* Main.storyboard */ = {
			isa = PBXVariantGroup;
			children = (
				FE30E04725AF51370000D409 /* Base */,
			);
			name = Main.storyboard;
			sourceTree = "<group>";
		};
/* End PBXVariantGroup section */

/* Begin XCBuildConfiguration section */
		FE30E04B25AF51370000D409 /* Debug */ = {
			isa = XCBuildConfiguration;
			buildSettings = {
				ALWAYS_SEARCH_USER_PATHS = NO;
				CLANG_ANALYZER_LOCALIZABILITY_NONLOCALIZED = YES;
				CLANG_ANALYZER_NONNULL = YES;
				CLANG_ANALYZER_NUMBER_OBJECT_CONVERSION = YES_AGGRESSIVE;
				CLANG_CXX_LANGUAGE_STANDARD = "gnu++14";
				CLANG_CXX_LIBRARY = "libc++";
				CLANG_ENABLE_MODULES = YES;
				CLANG_ENABLE_OBJC_ARC = YES;
				CLANG_ENABLE_OBJC_WEAK = YES;
				CLANG_WARN_BLOCK_CAPTURE_AUTORELEASING = YES;
				CLANG_WARN_BOOL_CONVERSION = YES;
				CLANG_WARN_COMMA = YES;
				CLANG_WARN_CONSTANT_CONVERSION = YES;
				CLANG_WARN_DEPRECATED_OBJC_IMPLEMENTATIONS = YES;
				CLANG_WARN_DIRECT_OBJC_ISA_USAGE = YES_ERROR;
				CLANG_WARN_DOCUMENTATION_COMMENTS = YES;
				CLANG_WARN_EMPTY_BODY = YES;
				CLANG_WARN_ENUM_CONVERSION = YES;
				CLANG_WARN_INFINITE_RECURSION = YES;
				CLANG_WARN_INT_CONVERSION = YES;
				CLANG_WARN_NON_LITERAL_NULL_CONVERSION = YES;
				CLANG_WARN_OBJC_IMPLICIT_RETAIN_SELF = YES;
				CLANG_WARN_OBJC_LITERAL_CONVERSION = YES;
				CLANG_WARN_OBJC_ROOT_CLASS = YES_ERROR;
				CLANG_WARN_QUOTED_INCLUDE_IN_FRAMEWORK_HEADER = YES;
				CLANG_WARN_RANGE_LOOP_ANALYSIS = YES;
				CLANG_WARN_STRICT_PROTOTYPES = YES;
				CLANG_WARN_SUSPICIOUS_MOVE = YES;
				CLANG_WARN_UNGUARDED_AVAILABILITY = YES_AGGRESSIVE;
				CLANG_WARN_UNREACHABLE_CODE = YES;
				CLANG_WARN__DUPLICATE_METHOD_MATCH = YES;
				COPY_PHASE_STRIP = NO;
				DEBUG_INFORMATION_FORMAT = dwarf;
				ENABLE_STRICT_OBJC_MSGSEND = YES;
				ENABLE_TESTABILITY = YES;
				GCC_C_LANGUAGE_STANDARD = gnu11;
				GCC_DYNAMIC_NO_PIC = NO;
				GCC_NO_COMMON_BLOCKS = YES;
				GCC_OPTIMIZATION_LEVEL = 0;
				GCC_PREPROCESSOR_DEFINITIONS = (
					"DEBUG=1",
					"$(inherited)",
				);
				GCC_WARN_64_TO_32_BIT_CONVERSION = YES;
				GCC_WARN_ABOUT_RETURN_TYPE = YES_ERROR;
				GCC_WARN_UNDECLARED_SELECTOR = YES;
				GCC_WARN_UNINITIALIZED_AUTOS = YES_AGGRESSIVE;
				GCC_WARN_UNUSED_FUNCTION = YES;
				GCC_WARN_UNUSED_VARIABLE = YES;
				MACOSX_DEPLOYMENT_TARGET = 11.1;
				MTL_ENABLE_DEBUG_INFO = INCLUDE_SOURCE;
				MTL_FAST_MATH = YES;
				ONLY_ACTIVE_ARCH = YES;
				SDKROOT = macosx;
				SWIFT_ACTIVE_COMPILATION_CONDITIONS = DEBUG;
				SWIFT_OPTIMIZATION_LEVEL = "-Onone";
			};
			name = Debug;
		};
		FE30E04C25AF51370000D409 /* Release */ = {
			isa = XCBuildConfiguration;
			buildSettings = {
				ALWAYS_SEARCH_USER_PATHS = NO;
				CLANG_ANALYZER_LOCALIZABILITY_NONLOCALIZED = YES;
				CLANG_ANALYZER_NONNULL = YES;
				CLANG_ANALYZER_NUMBER_OBJECT_CONVERSION = YES_AGGRESSIVE;
				CLANG_CXX_LANGUAGE_STANDARD = "gnu++14";
				CLANG_CXX_LIBRARY = "libc++";
				CLANG_ENABLE_MODULES = YES;
				CLANG_ENABLE_OBJC_ARC = YES;
				CLANG_ENABLE_OBJC_WEAK = YES;
				CLANG_WARN_BLOCK_CAPTURE_AUTORELEASING = YES;
				CLANG_WARN_BOOL_CONVERSION = YES;
				CLANG_WARN_COMMA = YES;
				CLANG_WARN_CONSTANT_CONVERSION = YES;
				CLANG_WARN_DEPRECATED_OBJC_IMPLEMENTATIONS = YES;
				CLANG_WARN_DIRECT_OBJC_ISA_USAGE = YES_ERROR;
				CLANG_WARN_DOCUMENTATION_COMMENTS = YES;
				CLANG_WARN_EMPTY_BODY = YES;
				CLANG_WARN_ENUM_CONVERSION = YES;
				CLANG_WARN_INFINITE_RECURSION = YES;
				CLANG_WARN_INT_CONVERSION = YES;
				CLANG_WARN_NON_LITERAL_NULL_CONVERSION = YES;
				CLANG_WARN_OBJC_IMPLICIT_RETAIN_SELF = YES;
				CLANG_WARN_OBJC_LITERAL_CONVERSION = YES;
				CLANG_WARN_OBJC_ROOT_CLASS = YES_ERROR;
				CLANG_WARN_QUOTED_INCLUDE_IN_FRAMEWORK_HEADER = YES;
				CLANG_WARN_RANGE_LOOP_ANALYSIS = YES;
				CLANG_WARN_STRICT_PROTOTYPES = YES;
				CLANG_WARN_SUSPICIOUS_MOVE = YES;
				CLANG_WARN_UNGUARDED_AVAILABILITY = YES_AGGRESSIVE;
				CLANG_WARN_UNREACHABLE_CODE = YES;
				CLANG_WARN__DUPLICATE_METHOD_MATCH = YES;
				COPY_PHASE_STRIP = NO;
				DEBUG_INFORMATION_FORMAT = "dwarf-with-dsym";
				ENABLE_NS_ASSERTIONS = NO;
				ENABLE_STRICT_OBJC_MSGSEND = YES;
				GCC_C_LANGUAGE_STANDARD = gnu11;
				GCC_NO_COMMON_BLOCKS = YES;
				GCC_WARN_64_TO_32_BIT_CONVERSION = YES;
				GCC_WARN_ABOUT_RETURN_TYPE = YES_ERROR;
				GCC_WARN_UNDECLARED_SELECTOR = YES;
				GCC_WARN_UNINITIALIZED_AUTOS = YES_AGGRESSIVE;
				GCC_WARN_UNUSED_FUNCTION = YES;
				GCC_WARN_UNUSED_VARIABLE = YES;
				MACOSX_DEPLOYMENT_TARGET = 11.1;
				MTL_ENABLE_DEBUG_INFO = NO;
				MTL_FAST_MATH = YES;
				SDKROOT = macosx;
				SWIFT_COMPILATION_MODE = wholemodule;
				SWIFT_OPTIMIZATION_LEVEL = "-O";
			};
			name = Release;
		};
		FE30E04E25AF51370000D409 /* Debug */ = {
			isa = XCBuildConfiguration;
			buildSettings = {
				ASSETCATALOG_COMPILER_APPICON_NAME = AppIcon;
				ASSETCATALOG_COMPILER_GLOBAL_ACCENT_COLOR_NAME = AccentColor;
				CODE_SIGN_ENTITLEMENTS = wowpapers/wowpapers.entitlements;
				CODE_SIGN_STYLE = Automatic;
				COMBINE_HIDPI_IMAGES = YES;
				DEVELOPMENT_ASSET_PATHS = "\"wowpapers/Preview Content\"";
				ENABLE_PREVIEWS = YES;
				INFOPLIST_FILE = wowpapers/Info.plist;
				LD_RUNPATH_SEARCH_PATHS = (
					"$(inherited)",
					"@executable_path/../Frameworks",
				);
				MACOSX_DEPLOYMENT_TARGET = 11.0;
				PRODUCT_BUNDLE_IDENTIFIER = dev.iroyo.wowpapers;
				PRODUCT_NAME = "$(TARGET_NAME)";
				SWIFT_VERSION = 5.0;
			};
			name = Debug;
		};
		FE30E04F25AF51370000D409 /* Release */ = {
			isa = XCBuildConfiguration;
			buildSettings = {
				ASSETCATALOG_COMPILER_APPICON_NAME = AppIcon;
				ASSETCATALOG_COMPILER_GLOBAL_ACCENT_COLOR_NAME = AccentColor;
				CODE_SIGN_ENTITLEMENTS = wowpapers/wowpapers.entitlements;
				CODE_SIGN_STYLE = Automatic;
				COMBINE_HIDPI_IMAGES = YES;
				DEVELOPMENT_ASSET_PATHS = "\"wowpapers/Preview Content\"";
				ENABLE_PREVIEWS = YES;
				INFOPLIST_FILE = wowpapers/Info.plist;
				LD_RUNPATH_SEARCH_PATHS = (
					"$(inherited)",
					"@executable_path/../Frameworks",
				);
				MACOSX_DEPLOYMENT_TARGET = 11.0;
				PRODUCT_BUNDLE_IDENTIFIER = dev.iroyo.wowpapers;
				PRODUCT_NAME = "$(TARGET_NAME)";
				SWIFT_VERSION = 5.0;
			};
			name = Release;
		};
/* End XCBuildConfiguration section */

/* Begin XCConfigurationList section */
		FE30E03525AF51360000D409 /* Build configuration list for PBXProject "wowpapers" */ = {
			isa = XCConfigurationList;
			buildConfigurations = (
				FE30E04B25AF51370000D409 /* Debug */,
				FE30E04C25AF51370000D409 /* Release */,
			);
			defaultConfigurationIsVisible = 0;
			defaultConfigurationName = Release;
		};
		FE30E04D25AF51370000D409 /* Build configuration list for PBXNativeTarget "wowpapers" */ = {
			isa = XCConfigurationList;
			buildConfigurations = (
				FE30E04E25AF51370000D409 /* Debug */,
				FE30E04F25AF51370000D409 /* Release */,
			);
			defaultConfigurationIsVisible = 0;
			defaultConfigurationName = Release;
		};
/* End XCConfigurationList section */
	};
	rootObject = FE30E03225AF51360000D409 /* Project object */;
}
